
Microsoft Visual Studio Solution File, Format Version 12.00
# Visual Studio 15
VisualStudioVersion = 15.0.28307.421
MinimumVisualStudioVersion = 10.0.40219.1
Project("{9A19103F-16F7-4668-BE54-9A1E7A4F7556}") = "SecurePasswordGenerator", "SecRandPass\SecurePasswordGenerator.csproj", "{B1E6F5FE-3DA0-4157-B350-126F4847C15F}"
EndProject
Global
	GlobalSection(SolutionConfigurationPlatforms) = preSolution
		Debug|Any CPU = Debug|Any CPU
		Release|Any CPU = Release|Any CPU
	EndGlobalSection
	GlobalSection(ProjectConfigurationPlatforms) = postSolution
		{B1E6F5FE-3DA0-4157-B350-126F4847C15F}.Debug|Any CPU.ActiveCfg = Debug|Any CPU
		{B1E6F5FE-3DA0-4157-B350-126F4847C15F}.Debug|Any CPU.Build.0 = Debug|Any CPU
		{B1E6F5FE-3DA0-4157-B350-126F4847C15F}.Release|Any CPU.ActiveCfg = Release|Any CPU
		{B1E6F5FE-3DA0-4157-B350-126F4847C15F}.Release|Any CPU.Build.0 = Release|Any CPU
	EndGlobalSection
	GlobalSection(SolutionProperties) = preSolution
		HideSolutionNode = FALSE
	EndGlobalSection
	GlobalSection(ExtensibilityGlobals) = postSolution
		SolutionGuid = {1B0C8770-3572-43DE-BB33-D2E5DF3DAAA3}
	EndGlobalSection
EndGlobal
